
Microsoft Visual Studio Solution File, Format Version 12.00
# Visual Studio Version 17
VisualStudioVersion = 17.2.32616.157
MinimumVisualStudioVersion = 10.0.40219.1
Project("{FAE04EC0-301F-11D3-BF4B-00C04F79EFBC}") = "Point-Sale.UI", "Point-Sale.UI\Point-Sale.UI.csproj", "{DFA67C49-A196-4E05-B4F3-0B16D0572E20}"
EndProject
Project("{FAE04EC0-301F-11D3-BF4B-00C04F79EFBC}") = "Point-Sale.DataAccess", "Point-Sale.DataAccess\Point-Sale.DataAccess.csproj", "{633E9799-CFC4-44F8-8DC8-76048F0A28AE}"
EndProject
Project("{2150E333-8FDC-42A3-9474-1A3956D46DE8}") = "Elementos de la solución", "Elementos de la solución", "{9D5FCB9A-F5B2-4532-9E24-BE33C8DA621F}"
	ProjectSection(SolutionItems) = preProject
		.gitignore = .gitignore
	EndProjectSection
EndProject
Global
	GlobalSection(SolutionConfigurationPlatforms) = preSolution
		Debug|Any CPU = Debug|Any CPU
		Release|Any CPU = Release|Any CPU
	EndGlobalSection
	GlobalSection(ProjectConfigurationPlatforms) = postSolution
		{DFA67C49-A196-4E05-B4F3-0B16D0572E20}.Debug|Any CPU.ActiveCfg = Debug|Any CPU
		{DFA67C49-A196-4E05-B4F3-0B16D0572E20}.Debug|Any CPU.Build.0 = Debug|Any CPU
		{DFA67C49-A196-4E05-B4F3-0B16D0572E20}.Release|Any CPU.ActiveCfg = Release|Any CPU
		{DFA67C49-A196-4E05-B4F3-0B16D0572E20}.Release|Any CPU.Build.0 = Release|Any CPU
		{633E9799-CFC4-44F8-8DC8-76048F0A28AE}.Debug|Any CPU.ActiveCfg = Debug|Any CPU
		{633E9799-CFC4-44F8-8DC8-76048F0A28AE}.Debug|Any CPU.Build.0 = Debug|Any CPU
		{633E9799-CFC4-44F8-8DC8-76048F0A28AE}.Release|Any CPU.ActiveCfg = Release|Any CPU
		{633E9799-CFC4-44F8-8DC8-76048F0A28AE}.Release|Any CPU.Build.0 = Release|Any CPU
	EndGlobalSection
	GlobalSection(SolutionProperties) = preSolution
		HideSolutionNode = FALSE
	EndGlobalSection
	GlobalSection(ExtensibilityGlobals) = postSolution
		SolutionGuid = {87B8D3CD-77A4-42FB-B9A9-ABC5F92FCFE8}
	EndGlobalSection
EndGlobal
